// !$*UTF8*$!
{
	archiveVersion = 1;
	classes = {
	};
	objectVersion = 46;
	objects = {

/* Begin PBXBuildFile section */
		91E6179C1C00BEF7008399BD /* AppDelegate.swift in Sources */ = {isa = PBXBuildFile; fileRef = 91E6179B1C00BEF7008399BD /* AppDelegate.swift */; };
		91E6179E1C00BEF7008399BD /* ViewController.swift in Sources */ = {isa = PBXBuildFile; fileRef = 91E6179D1C00BEF7008399BD /* ViewController.swift */; };
		91E617A11C00BEF7008399BD /* Main.storyboard in Resources */ = {isa = PBXBuildFile; fileRef = 91E6179F1C00BEF7008399BD /* Main.storyboard */; };
		91E617A31C00BEF7008399BD /* Assets.xcassets in Resources */ = {isa = PBXBuildFile; fileRef = 91E617A21C00BEF7008399BD /* Assets.xcassets */; };
		91E617A61C00BEF7008399BD /* LaunchScreen.storyboard in Resources */ = {isa = PBXBuildFile; fileRef = 91E617A41C00BEF7008399BD /* LaunchScreen.storyboard */; };
		91E617B11C00BEF7008399BD /* XcodeGitHubTestProject_gitTests.swift in Sources */ = {isa = PBXBuildFile; fileRef = 91E617B01C00BEF7008399BD /* XcodeGitHubTestProject_gitTests.swift */; };
		91E617BC1C00BEF7008399BD /* XcodeGitHubTestProject_gitUITests.swift in Sources */ = {isa = PBXBuildFile; fileRef = 91E617BB1C00BEF7008399BD /* XcodeGitHubTestProject_gitUITests.swift */; };
/* End PBXBuildFile section */

/* Begin PBXContainerItemProxy section */
		91E617AD1C00BEF7008399BD /* PBXContainerItemProxy */ = {
			isa = PBXContainerItemProxy;
			containerPortal = 91E617901C00BEF7008399BD /* Project object */;
			proxyType = 1;
			remoteGlobalIDString = 91E617971C00BEF7008399BD;
			remoteInfo = XcodeGitHubTestProject.git;
		};
		91E617B81C00BEF7008399BD /* PBXContainerItemProxy */ = {
			isa = PBXContainerItemProxy;
			containerPortal = 91E617901C00BEF7008399BD /* Project object */;
			proxyType = 1;
			remoteGlobalIDString = 91E617971C00BEF7008399BD;
			remoteInfo = XcodeGitHubTestProject.git;
		};
/* End PBXContainerItemProxy section */

/* Begin PBXFileReference section */
		91E617981C00BEF7008399BD /* XcodeGitHubTestProject.git.app */ = {isa = PBXFileReference; explicitFileType = wrapper.application; includeInIndex = 0; path = XcodeGitHubTestProject.git.app; sourceTree = BUILT_PRODUCTS_DIR; };
		91E6179B1C00BEF7008399BD /* AppDelegate.swift */ = {isa = PBXFileReference; lastKnownFileType = sourcecode.swift; path = AppDelegate.swift; sourceTree = "<group>"; };
		91E6179D1C00BEF7008399BD /* ViewController.swift */ = {isa = PBXFileReference; lastKnownFileType = sourcecode.swift; path = ViewController.swift; sourceTree = "<group>"; };
		91E617A01C00BEF7008399BD /* Base */ = {isa = PBXFileReference; lastKnownFileType = file.storyboard; name = Base; path = Base.lproj/Main.storyboard; sourceTree = "<group>"; };
		91E617A21C00BEF7008399BD /* Assets.xcassets */ = {isa = PBXFileReference; lastKnownFileType = folder.assetcatalog; path = Assets.xcassets; sourceTree = "<group>"; };
		91E617A51C00BEF7008399BD /* Base */ = {isa = PBXFileReference; lastKnownFileType = file.storyboard; name = Base; path = Base.lproj/LaunchScreen.storyboard; sourceTree = "<group>"; };
		91E617A71C00BEF7008399BD /* Info.plist */ = {isa = PBXFileReference; lastKnownFileType = text.plist.xml; path = Info.plist; sourceTree = "<group>"; };
		91E617AC1C00BEF7008399BD /* XcodeGitHubTestProject.gitTests.xctest */ = {isa = PBXFileReference; explicitFileType = wrapper.cfbundle; includeInIndex = 0; path = XcodeGitHubTestProject.gitTests.xctest; sourceTree = BUILT_PRODUCTS_DIR; };
		91E617B01C00BEF7008399BD /* XcodeGitHubTestProject_gitTests.swift */ = {isa = PBXFileReference; lastKnownFileType = sourcecode.swift; path = XcodeGitHubTestProject_gitTests.swift; sourceTree = "<group>"; };
		91E617B21C00BEF7008399BD /* Info.plist */ = {isa = PBXFileReference; lastKnownFileType = text.plist.xml; path = Info.plist; sourceTree = "<group>"; };
		91E617B71C00BEF7008399BD /* XcodeGitHubTestProject.gitUITests.xctest */ = {isa = PBXFileReference; explicitFileType = wrapper.cfbundle; includeInIndex = 0; path = XcodeGitHubTestProject.gitUITests.xctest; sourceTree = BUILT_PRODUCTS_DIR; };
		91E617BB1C00BEF7008399BD /* XcodeGitHubTestProject_gitUITests.swift */ = {isa = PBXFileReference; lastKnownFileType = sourcecode.swift; path = XcodeGitHubTestProject_gitUITests.swift; sourceTree = "<group>"; };
		91E617BD1C00BEF7008399BD /* Info.plist */ = {isa = PBXFileReference; lastKnownFileType = text.plist.xml; path = Info.plist; sourceTree = "<group>"; };
/* End PBXFileReference section */

/* Begin PBXFrameworksBuildPhase section */
		91E617951C00BEF7008399BD /* Frameworks */ = {
			isa = PBXFrameworksBuildPhase;
			buildActionMask = 2147483647;
			files = (
			);
			runOnlyForDeploymentPostprocessing = 0;
		};
		91E617A91C00BEF7008399BD /* Frameworks */ = {
			isa = PBXFrameworksBuildPhase;
			buildActionMask = 2147483647;
			files = (
			);
			runOnlyForDeploymentPostprocessing = 0;
		};
		91E617B41C00BEF7008399BD /* Frameworks */ = {
			isa = PBXFrameworksBuildPhase;
			buildActionMask = 2147483647;
			files = (
			);
			runOnlyForDeploymentPostprocessing = 0;
		};
/* End PBXFrameworksBuildPhase section */

/* Begin PBXGroup section */
		91E6178F1C00BEF7008399BD = {
			isa = PBXGroup;
			children = (
				91E6179A1C00BEF7008399BD /* XcodeGitHubTestProject.git */,
				91E617AF1C00BEF7008399BD /* XcodeGitHubTestProject.gitTests */,
				91E617BA1C00BEF7008399BD /* XcodeGitHubTestProject.gitUITests */,
				91E617991C00BEF7008399BD /* Products */,
			);
			sourceTree = "<group>";
		};
		91E617991C00BEF7008399BD /* Products */ = {
			isa = PBXGroup;
			children = (
				91E617981C00BEF7008399BD /* XcodeGitHubTestProject.git.app */,
				91E617AC1C00BEF7008399BD /* XcodeGitHubTestProject.gitTests.xctest */,
				91E617B71C00BEF7008399BD /* XcodeGitHubTestProject.gitUITests.xctest */,
			);
			name = Products;
			sourceTree = "<group>";
		};
		91E6179A1C00BEF7008399BD /* XcodeGitHubTestProject.git */ = {
			isa = PBXGroup;
			children = (
				91E6179B1C00BEF7008399BD /* AppDelegate.swift */,
				91E6179D1C00BEF7008399BD /* ViewController.swift */,
				91E6179F1C00BEF7008399BD /* Main.storyboard */,
				91E617A21C00BEF7008399BD /* Assets.xcassets */,
				91E617A41C00BEF7008399BD /* LaunchScreen.storyboard */,
				91E617A71C00BEF7008399BD /* Info.plist */,
			);
			path = XcodeGitHubTestProject.git;
			sourceTree = "<group>";
		};
		91E617AF1C00BEF7008399BD /* XcodeGitHubTestProject.gitTests */ = {
			isa = PBXGroup;
			children = (
				91E617B01C00BEF7008399BD /* XcodeGitHubTestProject_gitTests.swift */,
				91E617B21C00BEF7008399BD /* Info.plist */,
			);
			path = XcodeGitHubTestProject.gitTests;
			sourceTree = "<group>";
		};
		91E617BA1C00BEF7008399BD /* XcodeGitHubTestProject.gitUITests */ = {
			isa = PBXGroup;
			children = (
				91E617BB1C00BEF7008399BD /* XcodeGitHubTestProject_gitUITests.swift */,
				91E617BD1C00BEF7008399BD /* Info.plist */,
			);
			path = XcodeGitHubTestProject.gitUITests;
			sourceTree = "<group>";
		};
/* End PBXGroup section */

/* Begin PBXNativeTarget section */
		91E617971C00BEF7008399BD /* XcodeGitHubTestProject.git */ = {
			isa = PBXNativeTarget;
			buildConfigurationList = 91E617C01C00BEF7008399BD /* Build configuration list for PBXNativeTarget "XcodeGitHubTestProject.git" */;
			buildPhases = (
				91E617941C00BEF7008399BD /* Sources */,
				91E617951C00BEF7008399BD /* Frameworks */,
				91E617961C00BEF7008399BD /* Resources */,
			);
			buildRules = (
			);
			dependencies = (
			);
			name = XcodeGitHubTestProject.git;
			productName = XcodeGitHubTestProject.git;
			productReference = 91E617981C00BEF7008399BD /* XcodeGitHubTestProject.git.app */;
			productType = "com.apple.product-type.application";
		};
		91E617AB1C00BEF7008399BD /* XcodeGitHubTestProject.gitTests */ = {
			isa = PBXNativeTarget;
			buildConfigurationList = 91E617C31C00BEF7008399BD /* Build configuration list for PBXNativeTarget "XcodeGitHubTestProject.gitTests" */;
			buildPhases = (
				91E617A81C00BEF7008399BD /* Sources */,
				91E617A91C00BEF7008399BD /* Frameworks */,
				91E617AA1C00BEF7008399BD /* Resources */,
			);
			buildRules = (
			);
			dependencies = (
				91E617AE1C00BEF7008399BD /* PBXTargetDependency */,
			);
			name = XcodeGitHubTestProject.gitTests;
			productName = XcodeGitHubTestProject.gitTests;
			productReference = 91E617AC1C00BEF7008399BD /* XcodeGitHubTestProject.gitTests.xctest */;
			productType = "com.apple.product-type.bundle.unit-test";
		};
		91E617B61C00BEF7008399BD /* XcodeGitHubTestProject.gitUITests */ = {
			isa = PBXNativeTarget;
			buildConfigurationList = 91E617C61C00BEF7008399BD /* Build configuration list for PBXNativeTarget "XcodeGitHubTestProject.gitUITests" */;
			buildPhases = (
				91E617B31C00BEF7008399BD /* Sources */,
				91E617B41C00BEF7008399BD /* Frameworks */,
				91E617B51C00BEF7008399BD /* Resources */,
			);
			buildRules = (
			);
			dependencies = (
				91E617B91C00BEF7008399BD /* PBXTargetDependency */,
			);
			name = XcodeGitHubTestProject.gitUITests;
			productName = XcodeGitHubTestProject.gitUITests;
			productReference = 91E617B71C00BEF7008399BD /* XcodeGitHubTestProject.gitUITests.xctest */;
			productType = "com.apple.product-type.bundle.ui-testing";
		};
/* End PBXNativeTarget section */

/* Begin PBXProject section */
		91E617901C00BEF7008399BD /* Project object */ = {
			isa = PBXProject;
			attributes = {
				LastSwiftUpdateCheck = 0710;
				LastUpgradeCheck = 0710;
				ORGANIZATIONNAME = "iOS Learning Labs";
				TargetAttributes = {
					91E617971C00BEF7008399BD = {
						CreatedOnToolsVersion = 7.1.1;
					};
					91E617AB1C00BEF7008399BD = {
						CreatedOnToolsVersion = 7.1.1;
						TestTargetID = 91E617971C00BEF7008399BD;
					};
					91E617B61C00BEF7008399BD = {
						CreatedOnToolsVersion = 7.1.1;
						TestTargetID = 91E617971C00BEF7008399BD;
					};
				};
			};
			buildConfigurationList = 91E617931C00BEF7008399BD /* Build configuration list for PBXProject "XcodeGitHubTestProject.git" */;
			compatibilityVersion = "Xcode 3.2";
			developmentRegion = English;
			hasScannedForEncodings = 0;
			knownRegions = (
				en,
				Base,
			);
			mainGroup = 91E6178F1C00BEF7008399BD;
			productRefGroup = 91E617991C00BEF7008399BD /* Products */;
			projectDirPath = "";
			projectRoot = "";
			targets = (
				91E617971C00BEF7008399BD /* XcodeGitHubTestProject.git */,
				91E617AB1C00BEF7008399BD /* XcodeGitHubTestProject.gitTests */,
				91E617B61C00BEF7008399BD /* XcodeGitHubTestProject.gitUITests */,
			);
		};
/* End PBXProject section */

/* Begin PBXResourcesBuildPhase section */
		91E617961C00BEF7008399BD /* Resources */ = {
			isa = PBXResourcesBuildPhase;
			buildActionMask = 2147483647;
			files = (
				91E617A61C00BEF7008399BD /* LaunchScreen.storyboard in Resources */,
				91E617A31C00BEF7008399BD /* Assets.xcassets in Resources */,
				91E617A11C00BEF7008399BD /* Main.storyboard in Resources */,
			);
			runOnlyForDeploymentPostprocessing = 0;
		};
		91E617AA1C00BEF7008399BD /* Resources */ = {
			isa = PBXResourcesBuildPhase;
			buildActionMask = 2147483647;
			files = (
			);
			runOnlyForDeploymentPostprocessing = 0;
		};
		91E617B51C00BEF7008399BD /* Resources */ = {
			isa = PBXResourcesBuildPhase;
			buildActionMask = 2147483647;
			files = (
			);
			runOnlyForDeploymentPostprocessing = 0;
		};
/* End PBXResourcesBuildPhase section */

/* Begin PBXSourcesBuildPhase section */
		91E617941C00BEF7008399BD /* Sources */ = {
			isa = PBXSourcesBuildPhase;
			buildActionMask = 2147483647;
			files = (
				91E6179E1C00BEF7008399BD /* ViewController.swift in Sources */,
				91E6179C1C00BEF7008399BD /* AppDelegate.swift in Sources */,
			);
			runOnlyForDeploymentPostprocessing = 0;
		};
		91E617A81C00BEF7008399BD /* Sources */ = {
			isa = PBXSourcesBuildPhase;
			buildActionMask = 2147483647;
			files = (
				91E617B11C00BEF7008399BD /* XcodeGitHubTestProject_gitTests.swift in Sources */,
			);
			runOnlyForDeploymentPostprocessing = 0;
		};
		91E617B31C00BEF7008399BD /* Sources */ = {
			isa = PBXSourcesBuildPhase;
			buildActionMask = 2147483647;
			files = (
				91E617BC1C00BEF7008399BD /* XcodeGitHubTestProject_gitUITests.swift in Sources */,
			);
			runOnlyForDeploymentPostprocessing = 0;
		};
/* End PBXSourcesBuildPhase section */

/* Begin PBXTargetDependency section */
		91E617AE1C00BEF7008399BD /* PBXTargetDependency */ = {
			isa = PBXTargetDependency;
			target = 91E617971C00BEF7008399BD /* XcodeGitHubTestProject.git */;
			targetProxy = 91E617AD1C00BEF7008399BD /* PBXContainerItemProxy */;
		};
		91E617B91C00BEF7008399BD /* PBXTargetDependency */ = {
			isa = PBXTargetDependency;
			target = 91E617971C00BEF7008399BD /* XcodeGitHubTestProject.git */;
			targetProxy = 91E617B81C00BEF7008399BD /* PBXContainerItemProxy */;
		};
/* End PBXTargetDependency section */

/* Begin PBXVariantGroup section */
		91E6179F1C00BEF7008399BD /* Main.storyboard */ = {
			isa = PBXVariantGroup;
			children = (
				91E617A01C00BEF7008399BD /* Base */,
			);
			name = Main.storyboard;
			sourceTree = "<group>";
		};
		91E617A41C00BEF7008399BD /* LaunchScreen.storyboard */ = {
			isa = PBXVariantGroup;
			children = (
				91E617A51C00BEF7008399BD /* Base */,
			);
			name = LaunchScreen.storyboard;
			sourceTree = "<group>";
		};
/* End PBXVariantGroup section */

/* Begin XCBuildConfiguration section */
		91E617BE1C00BEF7008399BD /* Debug */ = {
			isa = XCBuildConfiguration;
			buildSettings = {
				ALWAYS_SEARCH_USER_PATHS = NO;
				CLANG_CXX_LANGUAGE_STANDARD = "gnu++0x";
				CLANG_CXX_LIBRARY = "libc++";
				CLANG_ENABLE_MODULES = YES;
				CLANG_ENABLE_OBJC_ARC = YES;
				CLANG_WARN_BOOL_CONVERSION = YES;
				CLANG_WARN_CONSTANT_CONVERSION = YES;
				CLANG_WARN_DIRECT_OBJC_ISA_USAGE = YES_ERROR;
				CLANG_WARN_EMPTY_BODY = YES;
				CLANG_WARN_ENUM_CONVERSION = YES;
				CLANG_WARN_INT_CONVERSION = YES;
				CLANG_WARN_OBJC_ROOT_CLASS = YES_ERROR;
				CLANG_WARN_UNREACHABLE_CODE = YES;
				CLANG_WARN__DUPLICATE_METHOD_MATCH = YES;
				"CODE_SIGN_IDENTITY[sdk=iphoneos*]" = "iPhone Developer";
				COPY_PHASE_STRIP = NO;
				DEBUG_INFORMATION_FORMAT = dwarf;
				ENABLE_STRICT_OBJC_MSGSEND = YES;
				ENABLE_TESTABILITY = YES;
				GCC_C_LANGUAGE_STANDARD = gnu99;
				GCC_DYNAMIC_NO_PIC = NO;
				GCC_NO_COMMON_BLOCKS = YES;
				GCC_OPTIMIZATION_LEVEL = 0;
				GCC_PREPROCESSOR_DEFINITIONS = (
					"DEBUG=1",
					"$(inherited)",
				);
				GCC_WARN_64_TO_32_BIT_CONVERSION = YES;
				GCC_WARN_ABOUT_RETURN_TYPE = YES_ERROR;
				GCC_WARN_UNDECLARED_SELECTOR = YES;
				GCC_WARN_UNINITIALIZED_AUTOS = YES_AGGRESSIVE;
				GCC_WARN_UNUSED_FUNCTION = YES;
				GCC_WARN_UNUSED_VARIABLE = YES;
				IPHONEOS_DEPLOYMENT_TARGET = 9.1;
				MTL_ENABLE_DEBUG_INFO = YES;
				ONLY_ACTIVE_ARCH = YES;
				SDKROOT = iphoneos;
				SWIFT_OPTIMIZATION_LEVEL = "-Onone";
			};
			name = Debug;
		};
		91E617BF1C00BEF7008399BD /* Release */ = {
			isa = XCBuildConfiguration;
			buildSettings = {
				ALWAYS_SEARCH_USER_PATHS = NO;
				CLANG_CXX_LANGUAGE_STANDARD = "gnu++0x";
				CLANG_CXX_LIBRARY = "libc++";
				CLANG_ENABLE_MODULES = YES;
				CLANG_ENABLE_OBJC_ARC = YES;
				CLANG_WARN_BOOL_CONVERSION = YES;
				CLANG_WARN_CONSTANT_CONVERSION = YES;
				CLANG_WARN_DIRECT_OBJC_ISA_USAGE = YES_ERROR;
				CLANG_WARN_EMPTY_BODY = YES;
				CLANG_WARN_ENUM_CONVERSION = YES;
				CLANG_WARN_INT_CONVERSION = YES;
				CLANG_WARN_OBJC_ROOT_CLASS = YES_ERROR;
				CLANG_WARN_UNREACHABLE_CODE = YES;
				CLANG_WARN__DUPLICATE_METHOD_MATCH = YES;
				"CODE_SIGN_IDENTITY[sdk=iphoneos*]" = "iPhone Developer";
				COPY_PHASE_STRIP = NO;
				DEBUG_INFORMATION_FORMAT = "dwarf-with-dsym";
				ENABLE_NS_ASSERTIONS = NO;
				ENABLE_STRICT_OBJC_MSGSEND = YES;
				GCC_C_LANGUAGE_STANDARD = gnu99;
				GCC_NO_COMMON_BLOCKS = YES;
				GCC_WARN_64_TO_32_BIT_CONVERSION = YES;
				GCC_WARN_ABOUT_RETURN_TYPE = YES_ERROR;
				GCC_WARN_UNDECLARED_SELECTOR = YES;
				GCC_WARN_UNINITIALIZED_AUTOS = YES_AGGRESSIVE;
				GCC_WARN_UNUSED_FUNCTION = YES;
				GCC_WARN_UNUSED_VARIABLE = YES;
				IPHONEOS_DEPLOYMENT_TARGET = 9.1;
				MTL_ENABLE_DEBUG_INFO = NO;
				SDKROOT = iphoneos;
				VALIDATE_PRODUCT = YES;
			};
			name = Release;
		};
		91E617C11C00BEF7008399BD /* Debug */ = {
			isa = XCBuildConfiguration;
			buildSettings = {
				ASSETCATALOG_COMPILER_APPICON_NAME = AppIcon;
				INFOPLIST_FILE = XcodeGitHubTestProject.git/Info.plist;
				LD_RUNPATH_SEARCH_PATHS = "$(inherited) @executable_path/Frameworks";
				PRODUCT_BUNDLE_IDENTIFIER = "com.ioslearninglabs.XcodeGitHubTestProject-git";
				PRODUCT_NAME = "$(TARGET_NAME)";
			};
			name = Debug;
		};
		91E617C21C00BEF7008399BD /* Release */ = {
			isa = XCBuildConfiguration;
			buildSettings = {
				ASSETCATALOG_COMPILER_APPICON_NAME = AppIcon;
				INFOPLIST_FILE = XcodeGitHubTestProject.git/Info.plist;
				LD_RUNPATH_SEARCH_PATHS = "$(inherited) @executable_path/Frameworks";
				PRODUCT_BUNDLE_IDENTIFIER = "com.ioslearninglabs.XcodeGitHubTestProject-git";
				PRODUCT_NAME = "$(TARGET_NAME)";
			};
			name = Release;
		};
		91E617C41C00BEF7008399BD /* Debug */ = {
			isa = XCBuildConfiguration;
			buildSettings = {
				BUNDLE_LOADER = "$(TEST_HOST)";
				INFOPLIST_FILE = XcodeGitHubTestProject.gitTests/Info.plist;
				LD_RUNPATH_SEARCH_PATHS = "$(inherited) @executable_path/Frameworks @loader_path/Frameworks";
				PRODUCT_BUNDLE_IDENTIFIER = "com.ioslearninglabs.XcodeGitHubTestProject-gitTests";
				PRODUCT_NAME = "$(TARGET_NAME)";
				TEST_HOST = "$(BUILT_PRODUCTS_DIR)/XcodeGitHubTestProject.git.app/XcodeGitHubTestProject.git";
			};
			name = Debug;
		};
		91E617C51C00BEF7008399BD /* Release */ = {
			isa = XCBuildConfiguration;
			buildSettings = {
				BUNDLE_LOADER = "$(TEST_HOST)";
				INFOPLIST_FILE = XcodeGitHubTestProject.gitTests/Info.plist;
				LD_RUNPATH_SEARCH_PATHS = "$(inherited) @executable_path/Frameworks @loader_path/Frameworks";
				PRODUCT_BUNDLE_IDENTIFIER = "com.ioslearninglabs.XcodeGitHubTestProject-gitTests";
				PRODUCT_NAME = "$(TARGET_NAME)";
				TEST_HOST = "$(BUILT_PRODUCTS_DIR)/XcodeGitHubTestProject.git.app/XcodeGitHubTestProject.git";
			};
			name = Release;
		};
		91E617C71C00BEF7008399BD /* Debug */ = {
			isa = XCBuildConfiguration;
			buildSettings = {
				INFOPLIST_FILE = XcodeGitHubTestProject.gitUITests/Info.plist;
				LD_RUNPATH_SEARCH_PATHS = "$(inherited) @executable_path/Frameworks @loader_path/Frameworks";
				PRODUCT_BUNDLE_IDENTIFIER = "com.ioslearninglabs.XcodeGitHubTestProject-gitUITests";
				PRODUCT_NAME = "$(TARGET_NAME)";
				TEST_TARGET_NAME = XcodeGitHubTestProject.git;
				USES_XCTRUNNER = YES;
			};
			name = Debug;
		};
		91E617C81C00BEF7008399BD /* Release */ = {
			isa = XCBuildConfiguration;
			buildSettings = {
				INFOPLIST_FILE = XcodeGitHubTestProject.gitUITests/Info.plist;
				LD_RUNPATH_SEARCH_PATHS = "$(inherited) @executable_path/Frameworks @loader_path/Frameworks";
				PRODUCT_BUNDLE_IDENTIFIER = "com.ioslearninglabs.XcodeGitHubTestProject-gitUITests";
				PRODUCT_NAME = "$(TARGET_NAME)";
				TEST_TARGET_NAME = XcodeGitHubTestProject.git;
				USES_XCTRUNNER = YES;
			};
			name = Release;
		};
/* End XCBuildConfiguration section */

/* Begin XCConfigurationList section */
		91E617931C00BEF7008399BD /* Build configuration list for PBXProject "XcodeGitHubTestProject.git" */ = {
			isa = XCConfigurationList;
			buildConfigurations = (
				91E617BE1C00BEF7008399BD /* Debug */,
				91E617BF1C00BEF7008399BD /* Release */,
			);
			defaultConfigurationIsVisible = 0;
			defaultConfigurationName = Release;
		};
		91E617C01C00BEF7008399BD /* Build configuration list for PBXNativeTarget "XcodeGitHubTestProject.git" */ = {
			isa = XCConfigurationList;
			buildConfigurations = (
				91E617C11C00BEF7008399BD /* Debug */,
				91E617C21C00BEF7008399BD /* Release */,
			);
			defaultConfigurationIsVisible = 0;
		};
		91E617C31C00BEF7008399BD /* Build configuration list for PBXNativeTarget "XcodeGitHubTestProject.gitTests" */ = {
			isa = XCConfigurationList;
			buildConfigurations = (
				91E617C41C00BEF7008399BD /* Debug */,
				91E617C51C00BEF7008399BD /* Release */,
			);
			defaultConfigurationIsVisible = 0;
		};
		91E617C61C00BEF7008399BD /* Build configuration list for PBXNativeTarget "XcodeGitHubTestProject.gitUITests" */ = {
			isa = XCConfigurationList;
			buildConfigurations = (
				91E617C71C00BEF7008399BD /* Debug */,
				91E617C81C00BEF7008399BD /* Release */,
			);
			defaultConfigurationIsVisible = 0;
		};
/* End XCConfigurationList section */
	};
	rootObject = 91E617901C00BEF7008399BD /* Project object */;
}
